
Microsoft Visual Studio Solution File, Format Version 12.00
# Visual Studio Version 17
VisualStudioVersion = 17.4.33122.133
MinimumVisualStudioVersion = 10.0.40219.1
Project("{2150E333-8FDC-42A3-9474-1A3956D46DE8}") = "Services", "Services", "{9A927F59-A1C5-44E6-96C3-A20D42814460}"
EndProject
Project("{2150E333-8FDC-42A3-9474-1A3956D46DE8}") = "WebApps", "WebApps", "{9DF298A1-0BA4-468D-8CAB-D3E8D07CADC9}"
EndProject
Project("{2150E333-8FDC-42A3-9474-1A3956D46DE8}") = "Cadastros", "Cadastros", "{79E01277-C48F-486B-8C44-8723F50F9E87}"
EndProject
Project("{2150E333-8FDC-42A3-9474-1A3956D46DE8}") = "Catalogo", "Catalogo", "{82B49A37-B496-4DFA-A23D-3F7ED4DF6E53}"
EndProject
Project("{2150E333-8FDC-42A3-9474-1A3956D46DE8}") = "Core", "Core", "{A98C1E75-EF55-4A38-A6FE-91EC23218326}"
EndProject
Project("{2150E333-8FDC-42A3-9474-1A3956D46DE8}") = "Fiscal", "Fiscal", "{3D3EF560-1C77-487B-BE41-90D8A0F2A9BA}"
EndProject
Project("{2150E333-8FDC-42A3-9474-1A3956D46DE8}") = "Pagamentos", "Pagamentos", "{C17D90D3-9143-47FA-ACB9-405AD6F1700F}"
EndProject
Project("{2150E333-8FDC-42A3-9474-1A3956D46DE8}") = "Vendas", "Vendas", "{6D6775B0-6A63-486C-8E73-56BA9244A01B}"
EndProject
Project("{9A19103F-16F7-4668-BE54-9A1E7A4F7556}") = "NerdStore.Catalogo.Domain", "src\NerdStore.Catalogo.Domain\NerdStore.Catalogo.Domain.csproj", "{889EC767-C6CA-416F-A7FE-8A996AB5E58E}"
EndProject
Project("{9A19103F-16F7-4668-BE54-9A1E7A4F7556}") = "NerdStore.Core", "src\NerdStore.Core\NerdStore.Core.csproj", "{600DA940-99A9-4FD8-B7FD-4970F9B1ED6B}"
EndProject
Project("{2150E333-8FDC-42A3-9474-1A3956D46DE8}") = "Tests", "Tests", "{D0FAA4C0-1273-464B-98DA-CCB02F7D6CFB}"
EndProject
Project("{9A19103F-16F7-4668-BE54-9A1E7A4F7556}") = "NerdStore.Catalogo.Domain.Tests", "tests\NerdStore.Catalogo.Domain.Tests\NerdStore.Catalogo.Domain.Tests.csproj", "{816715E1-5159-460F-AB09-5C93A79F3386}"
EndProject
Project("{9A19103F-16F7-4668-BE54-9A1E7A4F7556}") = "NerdStore.Catalogo.Data", "src\NerdStore.Catalogo.Data\NerdStore.Catalogo.Data.csproj", "{E193F943-5207-4F28-901E-CECA2037BD88}"
EndProject
Project("{9A19103F-16F7-4668-BE54-9A1E7A4F7556}") = "NerdStore.Catalogo.Application", "src\NerdStore.Catalogo.Application\NerdStore.Catalogo.Application.csproj", "{5B97D1C0-9442-444C-9B5C-1D910FC9BA96}"
EndProject
Project("{9A19103F-16F7-4668-BE54-9A1E7A4F7556}") = "NerdStore.WebApp.MVC", "src\NerdStore.WebApp.MVC\NerdStore.WebApp.MVC.csproj", "{BDC9C313-A63E-4C7B-BD5D-5ADE9E30401A}"
EndProject
Project("{9A19103F-16F7-4668-BE54-9A1E7A4F7556}") = "NerdStore.Vendas.Domain", "src\NerdStore.Vendas.Domain\NerdStore.Vendas.Domain.csproj", "{672E4F77-6855-4D6F-8744-23BA3327686D}"
EndProject
Project("{9A19103F-16F7-4668-BE54-9A1E7A4F7556}") = "NerdStore.Vendas.Application", "src\NerdStore.Vendas.Application\NerdStore.Vendas.Application.csproj", "{6E1B364E-CF1E-4BA3-9072-3B7F1C465202}"
EndProject
Project("{9A19103F-16F7-4668-BE54-9A1E7A4F7556}") = "NerdStore.Vendas.Data", "src\NerdStore.Vendas.Data\NerdStore.Vendas.Data.csproj", "{A4C667DC-6B2D-457F-945F-13F082EDACAE}"
EndProject
Project("{9A19103F-16F7-4668-BE54-9A1E7A4F7556}") = "NerdStore.Pagamentos.AntiCorruption", "src\NerdStore.Pagamentos.AntiCorruption\NerdStore.Pagamentos.AntiCorruption.csproj", "{C6DF9A3B-E06A-4F97-9C6E-41880E184498}"
EndProject
Project("{9A19103F-16F7-4668-BE54-9A1E7A4F7556}") = "NerdStore.Pagamentos.Business", "src\NerdStore.Pagamentos.Business\NerdStore.Pagamentos.Business.csproj", "{5C72B396-C572-403F-B163-4875D848D8AC}"
EndProject
Project("{9A19103F-16F7-4668-BE54-9A1E7A4F7556}") = "NerdStore.Pagamentos.Data", "src\NerdStore.Pagamentos.Data\NerdStore.Pagamentos.Data.csproj", "{DE4CE85C-1111-4083-9A07-E871E8470066}"
EndProject
Project("{2150E333-8FDC-42A3-9474-1A3956D46DE8}") = "BuildingBlocks", "BuildingBlocks", "{83828FAC-9F47-4F20-A964-F4593EAF11DA}"
EndProject
Project("{FAE04EC0-301F-11D3-BF4B-00C04F79EFBC}") = "EventSourcing", "src\EventSourcing\EventSourcing.csproj", "{B9522EFD-8A26-4FB7-833F-CFE7017A98D2}"
EndProject
Global
	GlobalSection(SolutionConfigurationPlatforms) = preSolution
		Debug|Any CPU = Debug|Any CPU
		Release|Any CPU = Release|Any CPU
	EndGlobalSection
	GlobalSection(ProjectConfigurationPlatforms) = postSolution
		{889EC767-C6CA-416F-A7FE-8A996AB5E58E}.Debug|Any CPU.ActiveCfg = Debug|Any CPU
		{889EC767-C6CA-416F-A7FE-8A996AB5E58E}.Debug|Any CPU.Build.0 = Debug|Any CPU
		{889EC767-C6CA-416F-A7FE-8A996AB5E58E}.Release|Any CPU.ActiveCfg = Release|Any CPU
		{889EC767-C6CA-416F-A7FE-8A996AB5E58E}.Release|Any CPU.Build.0 = Release|Any CPU
		{600DA940-99A9-4FD8-B7FD-4970F9B1ED6B}.Debug|Any CPU.ActiveCfg = Debug|Any CPU
		{600DA940-99A9-4FD8-B7FD-4970F9B1ED6B}.Debug|Any CPU.Build.0 = Debug|Any CPU
		{600DA940-99A9-4FD8-B7FD-4970F9B1ED6B}.Release|Any CPU.ActiveCfg = Release|Any CPU
		{600DA940-99A9-4FD8-B7FD-4970F9B1ED6B}.Release|Any CPU.Build.0 = Release|Any CPU
		{816715E1-5159-460F-AB09-5C93A79F3386}.Debug|Any CPU.ActiveCfg = Debug|Any CPU
		{816715E1-5159-460F-AB09-5C93A79F3386}.Debug|Any CPU.Build.0 = Debug|Any CPU
		{816715E1-5159-460F-AB09-5C93A79F3386}.Release|Any CPU.ActiveCfg = Release|Any CPU
		{816715E1-5159-460F-AB09-5C93A79F3386}.Release|Any CPU.Build.0 = Release|Any CPU
		{E193F943-5207-4F28-901E-CECA2037BD88}.Debug|Any CPU.ActiveCfg = Debug|Any CPU
		{E193F943-5207-4F28-901E-CECA2037BD88}.Debug|Any CPU.Build.0 = Debug|Any CPU
		{E193F943-5207-4F28-901E-CECA2037BD88}.Release|Any CPU.ActiveCfg = Release|Any CPU
		{E193F943-5207-4F28-901E-CECA2037BD88}.Release|Any CPU.Build.0 = Release|Any CPU
		{5B97D1C0-9442-444C-9B5C-1D910FC9BA96}.Debug|Any CPU.ActiveCfg = Debug|Any CPU
		{5B97D1C0-9442-444C-9B5C-1D910FC9BA96}.Debug|Any CPU.Build.0 = Debug|Any CPU
		{5B97D1C0-9442-444C-9B5C-1D910FC9BA96}.Release|Any CPU.ActiveCfg = Release|Any CPU
		{5B97D1C0-9442-444C-9B5C-1D910FC9BA96}.Release|Any CPU.Build.0 = Release|Any CPU
		{BDC9C313-A63E-4C7B-BD5D-5ADE9E30401A}.Debug|Any CPU.ActiveCfg = Debug|Any CPU
		{BDC9C313-A63E-4C7B-BD5D-5ADE9E30401A}.Debug|Any CPU.Build.0 = Debug|Any CPU
		{BDC9C313-A63E-4C7B-BD5D-5ADE9E30401A}.Release|Any CPU.ActiveCfg = Release|Any CPU
		{BDC9C313-A63E-4C7B-BD5D-5ADE9E30401A}.Release|Any CPU.Build.0 = Release|Any CPU
		{672E4F77-6855-4D6F-8744-23BA3327686D}.Debug|Any CPU.ActiveCfg = Debug|Any CPU
		{672E4F77-6855-4D6F-8744-23BA3327686D}.Debug|Any CPU.Build.0 = Debug|Any CPU
		{672E4F77-6855-4D6F-8744-23BA3327686D}.Release|Any CPU.ActiveCfg = Release|Any CPU
		{672E4F77-6855-4D6F-8744-23BA3327686D}.Release|Any CPU.Build.0 = Release|Any CPU
		{6E1B364E-CF1E-4BA3-9072-3B7F1C465202}.Debug|Any CPU.ActiveCfg = Debug|Any CPU
		{6E1B364E-CF1E-4BA3-9072-3B7F1C465202}.Debug|Any CPU.Build.0 = Debug|Any CPU
		{6E1B364E-CF1E-4BA3-9072-3B7F1C465202}.Release|Any CPU.ActiveCfg = Release|Any CPU
		{6E1B364E-CF1E-4BA3-9072-3B7F1C465202}.Release|Any CPU.Build.0 = Release|Any CPU
		{A4C667DC-6B2D-457F-945F-13F082EDACAE}.Debug|Any CPU.ActiveCfg = Debug|Any CPU
		{A4C667DC-6B2D-457F-945F-13F082EDACAE}.Debug|Any CPU.Build.0 = Debug|Any CPU
		{A4C667DC-6B2D-457F-945F-13F082EDACAE}.Release|Any CPU.ActiveCfg = Release|Any CPU
		{A4C667DC-6B2D-457F-945F-13F082EDACAE}.Release|Any CPU.Build.0 = Release|Any CPU
		{C6DF9A3B-E06A-4F97-9C6E-41880E184498}.Debug|Any CPU.ActiveCfg = Debug|Any CPU
		{C6DF9A3B-E06A-4F97-9C6E-41880E184498}.Debug|Any CPU.Build.0 = Debug|Any CPU
		{C6DF9A3B-E06A-4F97-9C6E-41880E184498}.Release|Any CPU.ActiveCfg = Release|Any CPU
		{C6DF9A3B-E06A-4F97-9C6E-41880E184498}.Release|Any CPU.Build.0 = Release|Any CPU
		{5C72B396-C572-403F-B163-4875D848D8AC}.Debug|Any CPU.ActiveCfg = Debug|Any CPU
		{5C72B396-C572-403F-B163-4875D848D8AC}.Debug|Any CPU.Build.0 = Debug|Any CPU
		{5C72B396-C572-403F-B163-4875D848D8AC}.Release|Any CPU.ActiveCfg = Release|Any CPU
		{5C72B396-C572-403F-B163-4875D848D8AC}.Release|Any CPU.Build.0 = Release|Any CPU
		{DE4CE85C-1111-4083-9A07-E871E8470066}.Debug|Any CPU.ActiveCfg = Debug|Any CPU
		{DE4CE85C-1111-4083-9A07-E871E8470066}.Debug|Any CPU.Build.0 = Debug|Any CPU
		{DE4CE85C-1111-4083-9A07-E871E8470066}.Release|Any CPU.ActiveCfg = Release|Any CPU
		{DE4CE85C-1111-4083-9A07-E871E8470066}.Release|Any CPU.Build.0 = Release|Any CPU
		{B9522EFD-8A26-4FB7-833F-CFE7017A98D2}.Debug|Any CPU.ActiveCfg = Debug|Any CPU
		{B9522EFD-8A26-4FB7-833F-CFE7017A98D2}.Debug|Any CPU.Build.0 = Debug|Any CPU
		{B9522EFD-8A26-4FB7-833F-CFE7017A98D2}.Release|Any CPU.ActiveCfg = Release|Any CPU
		{B9522EFD-8A26-4FB7-833F-CFE7017A98D2}.Release|Any CPU.Build.0 = Release|Any CPU
	EndGlobalSection
	GlobalSection(SolutionProperties) = preSolution
		HideSolutionNode = FALSE
	EndGlobalSection
	GlobalSection(NestedProjects) = preSolution
		{79E01277-C48F-486B-8C44-8723F50F9E87} = {9A927F59-A1C5-44E6-96C3-A20D42814460}
		{82B49A37-B496-4DFA-A23D-3F7ED4DF6E53} = {9A927F59-A1C5-44E6-96C3-A20D42814460}
		{A98C1E75-EF55-4A38-A6FE-91EC23218326} = {9A927F59-A1C5-44E6-96C3-A20D42814460}
		{3D3EF560-1C77-487B-BE41-90D8A0F2A9BA} = {9A927F59-A1C5-44E6-96C3-A20D42814460}
		{C17D90D3-9143-47FA-ACB9-405AD6F1700F} = {9A927F59-A1C5-44E6-96C3-A20D42814460}
		{6D6775B0-6A63-486C-8E73-56BA9244A01B} = {9A927F59-A1C5-44E6-96C3-A20D42814460}
		{889EC767-C6CA-416F-A7FE-8A996AB5E58E} = {82B49A37-B496-4DFA-A23D-3F7ED4DF6E53}
		{600DA940-99A9-4FD8-B7FD-4970F9B1ED6B} = {A98C1E75-EF55-4A38-A6FE-91EC23218326}
		{D0FAA4C0-1273-464B-98DA-CCB02F7D6CFB} = {82B49A37-B496-4DFA-A23D-3F7ED4DF6E53}
		{816715E1-5159-460F-AB09-5C93A79F3386} = {D0FAA4C0-1273-464B-98DA-CCB02F7D6CFB}
		{E193F943-5207-4F28-901E-CECA2037BD88} = {82B49A37-B496-4DFA-A23D-3F7ED4DF6E53}
		{5B97D1C0-9442-444C-9B5C-1D910FC9BA96} = {82B49A37-B496-4DFA-A23D-3F7ED4DF6E53}
		{BDC9C313-A63E-4C7B-BD5D-5ADE9E30401A} = {9DF298A1-0BA4-468D-8CAB-D3E8D07CADC9}
		{672E4F77-6855-4D6F-8744-23BA3327686D} = {6D6775B0-6A63-486C-8E73-56BA9244A01B}
		{6E1B364E-CF1E-4BA3-9072-3B7F1C465202} = {6D6775B0-6A63-486C-8E73-56BA9244A01B}
		{A4C667DC-6B2D-457F-945F-13F082EDACAE} = {6D6775B0-6A63-486C-8E73-56BA9244A01B}
		{C6DF9A3B-E06A-4F97-9C6E-41880E184498} = {C17D90D3-9143-47FA-ACB9-405AD6F1700F}
		{5C72B396-C572-403F-B163-4875D848D8AC} = {C17D90D3-9143-47FA-ACB9-405AD6F1700F}
		{DE4CE85C-1111-4083-9A07-E871E8470066} = {C17D90D3-9143-47FA-ACB9-405AD6F1700F}
		{B9522EFD-8A26-4FB7-833F-CFE7017A98D2} = {83828FAC-9F47-4F20-A964-F4593EAF11DA}
	EndGlobalSection
	GlobalSection(ExtensibilityGlobals) = postSolution
		SolutionGuid = {AC4DCB7D-BB91-46F9-8BDF-96B01B99958E}
	EndGlobalSection
EndGlobal
